
Microsoft Visual Studio Solution File, Format Version 12.00
# Visual Studio 15
Project("{FAE04EC0-301F-11D3-BF4B-00C04F79EFBC}") = "ptr", "ptr\ptr.csproj", "{A6173882-583E-4C4E-A1AC-DF36EBA025AD}"
EndProject
Global
	GlobalSection(SolutionConfigurationPlatforms) = preSolution
		Debug|Any CPU = Debug|Any CPU
		Release|Any CPU = Release|Any CPU
	EndGlobalSection
	GlobalSection(ProjectConfigurationPlatforms) = postSolution
		{A6173882-583E-4C4E-A1AC-DF36EBA025AD}.Debug|Any CPU.ActiveCfg = Debug|Any CPU
		{A6173882-583E-4C4E-A1AC-DF36EBA025AD}.Debug|Any CPU.Build.0 = Debug|Any CPU
		{A6173882-583E-4C4E-A1AC-DF36EBA025AD}.Release|Any CPU.ActiveCfg = Release|Any CPU
		{A6173882-583E-4C4E-A1AC-DF36EBA025AD}.Release|Any CPU.Build.0 = Release|Any CPU
	EndGlobalSection
EndGlobal
