
Microsoft Visual Studio Solution File, Format Version 12.00
# Visual Studio 15
Project("{FAE04EC0-301F-11D3-BF4B-00C04F79EFBC}") = "ConsoleApp1", "ConsoleApp1\ConsoleApp1.csproj", "{2618FCD6-F41B-4674-9EBE-5AC1F333A4A9}"
EndProject
Global
	GlobalSection(SolutionConfigurationPlatforms) = preSolution
		Debug|Any CPU = Debug|Any CPU
		Release|Any CPU = Release|Any CPU
	EndGlobalSection
	GlobalSection(ProjectConfigurationPlatforms) = postSolution
		{2618FCD6-F41B-4674-9EBE-5AC1F333A4A9}.Debug|Any CPU.ActiveCfg = Debug|Any CPU
		{2618FCD6-F41B-4674-9EBE-5AC1F333A4A9}.Debug|Any CPU.Build.0 = Debug|Any CPU
		{2618FCD6-F41B-4674-9EBE-5AC1F333A4A9}.Release|Any CPU.ActiveCfg = Release|Any CPU
		{2618FCD6-F41B-4674-9EBE-5AC1F333A4A9}.Release|Any CPU.Build.0 = Release|Any CPU
	EndGlobalSection
EndGlobal
