
Microsoft Visual Studio Solution File, Format Version 12.00
# Visual Studio Version 16
VisualStudioVersion = 16.0.809.9
MinimumVisualStudioVersion = 10.0.40219.1
Project("{FAE04EC0-301F-11D3-BF4B-00C04F79EFBC}") = "Reminder.Storage", "Reminder.Storage.csproj", "{CBB58B9C-7AF1-42DE-B4E6-6A38B5FAFA5F}"
EndProject
Global
	GlobalSection(SolutionConfigurationPlatforms) = preSolution
		Debug|Any CPU = Debug|Any CPU
		Release|Any CPU = Release|Any CPU
	EndGlobalSection
	GlobalSection(ProjectConfigurationPlatforms) = postSolution
		{CBB58B9C-7AF1-42DE-B4E6-6A38B5FAFA5F}.Debug|Any CPU.ActiveCfg = Debug|Any CPU
		{CBB58B9C-7AF1-42DE-B4E6-6A38B5FAFA5F}.Debug|Any CPU.Build.0 = Debug|Any CPU
		{CBB58B9C-7AF1-42DE-B4E6-6A38B5FAFA5F}.Release|Any CPU.ActiveCfg = Release|Any CPU
		{CBB58B9C-7AF1-42DE-B4E6-6A38B5FAFA5F}.Release|Any CPU.Build.0 = Release|Any CPU
	EndGlobalSection
	GlobalSection(SolutionProperties) = preSolution
		HideSolutionNode = FALSE
	EndGlobalSection
	GlobalSection(ExtensibilityGlobals) = postSolution
		SolutionGuid = {DFEC3D2A-8261-4AAA-BEED-C6DF809F57D3}
	EndGlobalSection
EndGlobal
