
Microsoft Visual Studio Solution File, Format Version 12.00
# Visual Studio Version 16
VisualStudioVersion = 16.0.809.7
MinimumVisualStudioVersion = 10.0.40219.1
Project("{FAE04EC0-301F-11D3-BF4B-00C04F79EFBC}") = "poip", "poip\poip.csproj", "{C6144484-19A4-4653-967C-70F8F70756C8}"
EndProject
Global
	GlobalSection(SolutionConfigurationPlatforms) = preSolution
		Debug|Any CPU = Debug|Any CPU
		Release|Any CPU = Release|Any CPU
	EndGlobalSection
	GlobalSection(ProjectConfigurationPlatforms) = postSolution
		{C6144484-19A4-4653-967C-70F8F70756C8}.Debug|Any CPU.ActiveCfg = Debug|Any CPU
		{C6144484-19A4-4653-967C-70F8F70756C8}.Debug|Any CPU.Build.0 = Debug|Any CPU
		{C6144484-19A4-4653-967C-70F8F70756C8}.Release|Any CPU.ActiveCfg = Release|Any CPU
		{C6144484-19A4-4653-967C-70F8F70756C8}.Release|Any CPU.Build.0 = Release|Any CPU
	EndGlobalSection
	GlobalSection(SolutionProperties) = preSolution
		HideSolutionNode = FALSE
	EndGlobalSection
	GlobalSection(ExtensibilityGlobals) = postSolution
		SolutionGuid = {4A318985-0E17-4017-B9E2-6970D4CA7270}
	EndGlobalSection
EndGlobal
