
Microsoft Visual Studio Solution File, Format Version 12.00
# Visual Studio 15
Project("{FAE04EC0-301F-11D3-BF4B-00C04F79EFBC}") = "rtry", "rtry\rtry.csproj", "{DD9FB9A1-F9CF-434F-933C-FCC571DF138E}"
EndProject
Global
	GlobalSection(SolutionConfigurationPlatforms) = preSolution
		Debug|Any CPU = Debug|Any CPU
		Release|Any CPU = Release|Any CPU
	EndGlobalSection
	GlobalSection(ProjectConfigurationPlatforms) = postSolution
		{DD9FB9A1-F9CF-434F-933C-FCC571DF138E}.Debug|Any CPU.ActiveCfg = Debug|Any CPU
		{DD9FB9A1-F9CF-434F-933C-FCC571DF138E}.Debug|Any CPU.Build.0 = Debug|Any CPU
		{DD9FB9A1-F9CF-434F-933C-FCC571DF138E}.Release|Any CPU.ActiveCfg = Release|Any CPU
		{DD9FB9A1-F9CF-434F-933C-FCC571DF138E}.Release|Any CPU.Build.0 = Release|Any CPU
	EndGlobalSection
EndGlobal
