
Microsoft Visual Studio Solution File, Format Version 12.00
# Visual Studio Version 16
VisualStudioVersion = 16.0.809.5
MinimumVisualStudioVersion = 10.0.40219.1
Project("{FAE04EC0-301F-11D3-BF4B-00C04F79EFBC}") = "onew", "onew\onew.csproj", "{80FC6048-0F14-4F52-8887-AC06C9AE5904}"
EndProject
Global
	GlobalSection(SolutionConfigurationPlatforms) = preSolution
		Debug|Any CPU = Debug|Any CPU
		Release|Any CPU = Release|Any CPU
	EndGlobalSection
	GlobalSection(ProjectConfigurationPlatforms) = postSolution
		{80FC6048-0F14-4F52-8887-AC06C9AE5904}.Debug|Any CPU.ActiveCfg = Debug|Any CPU
		{80FC6048-0F14-4F52-8887-AC06C9AE5904}.Debug|Any CPU.Build.0 = Debug|Any CPU
		{80FC6048-0F14-4F52-8887-AC06C9AE5904}.Release|Any CPU.ActiveCfg = Release|Any CPU
		{80FC6048-0F14-4F52-8887-AC06C9AE5904}.Release|Any CPU.Build.0 = Release|Any CPU
	EndGlobalSection
	GlobalSection(SolutionProperties) = preSolution
		HideSolutionNode = FALSE
	EndGlobalSection
	GlobalSection(ExtensibilityGlobals) = postSolution
		SolutionGuid = {79251698-1C95-4B35-864B-560F85337434}
	EndGlobalSection
EndGlobal
